// !$*UTF8*$!
{
	archiveVersion = 1;
	classes = {
	};
	objectVersion = 46;
	objects = {

/* Begin PBXBuildFile section */
		994CFEC51EA5B066000CA956 /* AppDelegate.swift in Sources */ = {isa = PBXBuildFile; fileRef = 994CFEC41EA5B066000CA956 /* AppDelegate.swift */; };
		994CFEC71EA5B066000CA956 /* ViewController.swift in Sources */ = {isa = PBXBuildFile; fileRef = 994CFEC61EA5B066000CA956 /* ViewController.swift */; };
		994CFECA1EA5B066000CA956 /* Main.storyboard in Resources */ = {isa = PBXBuildFile; fileRef = 994CFEC81EA5B066000CA956 /* Main.storyboard */; };
		994CFECC1EA5B066000CA956 /* Assets.xcassets in Resources */ = {isa = PBXBuildFile; fileRef = 994CFECB1EA5B066000CA956 /* Assets.xcassets */; };
		994CFECF1EA5B066000CA956 /* LaunchScreen.storyboard in Resources */ = {isa = PBXBuildFile; fileRef = 994CFECD1EA5B066000CA956 /* LaunchScreen.storyboard */; };
/* End PBXBuildFile section */

/* Begin PBXFileReference section */
		994CFEC11EA5B066000CA956 /* gesturizers.app */ = {isa = PBXFileReference; explicitFileType = wrapper.application; includeInIndex = 0; path = gesturizers.app; sourceTree = BUILT_PRODUCTS_DIR; };
		994CFEC41EA5B066000CA956 /* AppDelegate.swift */ = {isa = PBXFileReference; lastKnownFileType = sourcecode.swift; path = AppDelegate.swift; sourceTree = "<group>"; };
		994CFEC61EA5B066000CA956 /* ViewController.swift */ = {isa = PBXFileReference; lastKnownFileType = sourcecode.swift; path = ViewController.swift; sourceTree = "<group>"; };
		994CFEC91EA5B066000CA956 /* Base */ = {isa = PBXFileReference; lastKnownFileType = file.storyboard; name = Base; path = Base.lproj/Main.storyboard; sourceTree = "<group>"; };
		994CFECB1EA5B066000CA956 /* Assets.xcassets */ = {isa = PBXFileReference; lastKnownFileType = folder.assetcatalog; path = Assets.xcassets; sourceTree = "<group>"; };
		994CFECE1EA5B066000CA956 /* Base */ = {isa = PBXFileReference; lastKnownFileType = file.storyboard; name = Base; path = Base.lproj/LaunchScreen.storyboard; sourceTree = "<group>"; };
		994CFED01EA5B066000CA956 /* Info.plist */ = {isa = PBXFileReference; lastKnownFileType = text.plist.xml; path = Info.plist; sourceTree = "<group>"; };
/* End PBXFileReference section */

/* Begin PBXFrameworksBuildPhase section */
		994CFEBE1EA5B066000CA956 /* Frameworks */ = {
			isa = PBXFrameworksBuildPhase;
			buildActionMask = 2147483647;
			files = (
			);
			runOnlyForDeploymentPostprocessing = 0;
		};
/* End PBXFrameworksBuildPhase section */

/* Begin PBXGroup section */
		994CFEB81EA5B066000CA956 = {
			isa = PBXGroup;
			children = (
				994CFEC31EA5B066000CA956 /* gesturizers */,
				994CFEC21EA5B066000CA956 /* Products */,
			);
			sourceTree = "<group>";
		};
		994CFEC21EA5B066000CA956 /* Products */ = {
			isa = PBXGroup;
			children = (
				994CFEC11EA5B066000CA956 /* gesturizers.app */,
			);
			name = Products;
			sourceTree = "<group>";
		};
		994CFEC31EA5B066000CA956 /* gesturizers */ = {
			isa = PBXGroup;
			children = (
				994CFEC41EA5B066000CA956 /* AppDelegate.swift */,
				994CFEC61EA5B066000CA956 /* ViewController.swift */,
				994CFEC81EA5B066000CA956 /* Main.storyboard */,
				994CFECB1EA5B066000CA956 /* Assets.xcassets */,
				994CFECD1EA5B066000CA956 /* LaunchScreen.storyboard */,
				994CFED01EA5B066000CA956 /* Info.plist */,
			);
			path = gesturizers;
			sourceTree = "<group>";
		};
/* End PBXGroup section */

/* Begin PBXNativeTarget section */
		994CFEC01EA5B066000CA956 /* gesturizers */ = {
			isa = PBXNativeTarget;
			buildConfigurationList = 994CFED31EA5B066000CA956 /* Build configuration list for PBXNativeTarget "gesturizers" */;
			buildPhases = (
				994CFEBD1EA5B066000CA956 /* Sources */,
				994CFEBE1EA5B066000CA956 /* Frameworks */,
				994CFEBF1EA5B066000CA956 /* Resources */,
			);
			buildRules = (
			);
			dependencies = (
			);
			name = gesturizers;
			productName = gesturizers;
			productReference = 994CFEC11EA5B066000CA956 /* gesturizers.app */;
			productType = "com.apple.product-type.application";
		};
/* End PBXNativeTarget section */

/* Begin PBXProject section */
		994CFEB91EA5B066000CA956 /* Project object */ = {
			isa = PBXProject;
			attributes = {
				LastSwiftUpdateCheck = 0810;
				LastUpgradeCheck = 0810;
				ORGANIZATIONNAME = "Unicorn Mobile, LLC";
				TargetAttributes = {
					994CFEC01EA5B066000CA956 = {
						CreatedOnToolsVersion = 8.1;
						ProvisioningStyle = Automatic;
					};
				};
			};
			buildConfigurationList = 994CFEBC1EA5B066000CA956 /* Build configuration list for PBXProject "gesturizers" */;
			compatibilityVersion = "Xcode 3.2";
			developmentRegion = English;
			hasScannedForEncodings = 0;
			knownRegions = (
				en,
				Base,
			);
			mainGroup = 994CFEB81EA5B066000CA956;
			productRefGroup = 994CFEC21EA5B066000CA956 /* Products */;
			projectDirPath = "";
			projectRoot = "";
			targets = (
				994CFEC01EA5B066000CA956 /* gesturizers */,
			);
		};
/* End PBXProject section */

/* Begin PBXResourcesBuildPhase section */
		994CFEBF1EA5B066000CA956 /* Resources */ = {
			isa = PBXResourcesBuildPhase;
			buildActionMask = 2147483647;
			files = (
				994CFECF1EA5B066000CA956 /* LaunchScreen.storyboard in Resources */,
				994CFECC1EA5B066000CA956 /* Assets.xcassets in Resources */,
				994CFECA1EA5B066000CA956 /* Main.storyboard in Resources */,
			);
			runOnlyForDeploymentPostprocessing = 0;
		};
/* End PBXResourcesBuildPhase section */

/* Begin PBXSourcesBuildPhase section */
		994CFEBD1EA5B066000CA956 /* Sources */ = {
			isa = PBXSourcesBuildPhase;
			buildActionMask = 2147483647;
			files = (
				994CFEC71EA5B066000CA956 /* ViewController.swift in Sources */,
				994CFEC51EA5B066000CA956 /* AppDelegate.swift in Sources */,
			);
			runOnlyForDeploymentPostprocessing = 0;
		};
/* End PBXSourcesBuildPhase section */

/* Begin PBXVariantGroup section */
		994CFEC81EA5B066000CA956 /* Main.storyboard */ = {
			isa = PBXVariantGroup;
			children = (
				994CFEC91EA5B066000CA956 /* Base */,
			);
			name = Main.storyboard;
			sourceTree = "<group>";
		};
		994CFECD1EA5B066000CA956 /* LaunchScreen.storyboard */ = {
			isa = PBXVariantGroup;
			children = (
				994CFECE1EA5B066000CA956 /* Base */,
			);
			name = LaunchScreen.storyboard;
			sourceTree = "<group>";
		};
/* End PBXVariantGroup section */

/* Begin XCBuildConfiguration section */
		994CFED11EA5B066000CA956 /* Debug */ = {
			isa = XCBuildConfiguration;
			buildSettings = {
				ALWAYS_SEARCH_USER_PATHS = NO;
				CLANG_ANALYZER_NONNULL = YES;
				CLANG_CXX_LANGUAGE_STANDARD = "gnu++0x";
				CLANG_CXX_LIBRARY = "libc++";
				CLANG_ENABLE_MODULES = YES;
				CLANG_ENABLE_OBJC_ARC = YES;
				CLANG_WARN_BOOL_CONVERSION = YES;
				CLANG_WARN_CONSTANT_CONVERSION = YES;
				CLANG_WARN_DIRECT_OBJC_ISA_USAGE = YES_ERROR;
				CLANG_WARN_DOCUMENTATION_COMMENTS = YES;
				CLANG_WARN_EMPTY_BODY = YES;
				CLANG_WARN_ENUM_CONVERSION = YES;
				CLANG_WARN_INFINITE_RECURSION = YES;
				CLANG_WARN_INT_CONVERSION = YES;
				CLANG_WARN_OBJC_ROOT_CLASS = YES_ERROR;
				CLANG_WARN_SUSPICIOUS_MOVES = YES;
				CLANG_WARN_UNREACHABLE_CODE = YES;
				CLANG_WARN__DUPLICATE_METHOD_MATCH = YES;
				"CODE_SIGN_IDENTITY[sdk=iphoneos*]" = "iPhone Developer";
				COPY_PHASE_STRIP = NO;
				DEBUG_INFORMATION_FORMAT = dwarf;
				ENABLE_STRICT_OBJC_MSGSEND = YES;
				ENABLE_TESTABILITY = YES;
				GCC_C_LANGUAGE_STANDARD = gnu99;
				GCC_DYNAMIC_NO_PIC = NO;
				GCC_NO_COMMON_BLOCKS = YES;
				GCC_OPTIMIZATION_LEVEL = 0;
				GCC_PREPROCESSOR_DEFINITIONS = (
					"DEBUG=1",
					"$(inherited)",
				);
				GCC_WARN_64_TO_32_BIT_CONVERSION = YES;
				GCC_WARN_ABOUT_RETURN_TYPE = YES_ERROR;
				GCC_WARN_UNDECLARED_SELECTOR = YES;
				GCC_WARN_UNINITIALIZED_AUTOS = YES_AGGRESSIVE;
				GCC_WARN_UNUSED_FUNCTION = YES;
				GCC_WARN_UNUSED_VARIABLE = YES;
				IPHONEOS_DEPLOYMENT_TARGET = 10.1;
				MTL_ENABLE_DEBUG_INFO = YES;
				ONLY_ACTIVE_ARCH = YES;
				SDKROOT = iphoneos;
				SWIFT_ACTIVE_COMPILATION_CONDITIONS = DEBUG;
				SWIFT_OPTIMIZATION_LEVEL = "-Onone";
			};
			name = Debug;
		};
		994CFED21EA5B066000CA956 /* Release */ = {
			isa = XCBuildConfiguration;
			buildSettings = {
				ALWAYS_SEARCH_USER_PATHS = NO;
				CLANG_ANALYZER_NONNULL = YES;
				CLANG_CXX_LANGUAGE_STANDARD = "gnu++0x";
				CLANG_CXX_LIBRARY = "libc++";
				CLANG_ENABLE_MODULES = YES;
				CLANG_ENABLE_OBJC_ARC = YES;
				CLANG_WARN_BOOL_CONVERSION = YES;
				CLANG_WARN_CONSTANT_CONVERSION = YES;
				CLANG_WARN_DIRECT_OBJC_ISA_USAGE = YES_ERROR;
				CLANG_WARN_DOCUMENTATION_COMMENTS = YES;
				CLANG_WARN_EMPTY_BODY = YES;
				CLANG_WARN_ENUM_CONVERSION = YES;
				CLANG_WARN_INFINITE_RECURSION = YES;
				CLANG_WARN_INT_CONVERSION = YES;
				CLANG_WARN_OBJC_ROOT_CLASS = YES_ERROR;
				CLANG_WARN_SUSPICIOUS_MOVES = YES;
				CLANG_WARN_UNREACHABLE_CODE = YES;
				CLANG_WARN__DUPLICATE_METHOD_MATCH = YES;
				"CODE_SIGN_IDENTITY[sdk=iphoneos*]" = "iPhone Developer";
				COPY_PHASE_STRIP = NO;
				DEBUG_INFORMATION_FORMAT = "dwarf-with-dsym";
				ENABLE_NS_ASSERTIONS = NO;
				ENABLE_STRICT_OBJC_MSGSEND = YES;
				GCC_C_LANGUAGE_STANDARD = gnu99;
				GCC_NO_COMMON_BLOCKS = YES;
				GCC_WARN_64_TO_32_BIT_CONVERSION = YES;
				GCC_WARN_ABOUT_RETURN_TYPE = YES_ERROR;
				GCC_WARN_UNDECLARED_SELECTOR = YES;
				GCC_WARN_UNINITIALIZED_AUTOS = YES_AGGRESSIVE;
				GCC_WARN_UNUSED_FUNCTION = YES;
				GCC_WARN_UNUSED_VARIABLE = YES;
				IPHONEOS_DEPLOYMENT_TARGET = 10.1;
				MTL_ENABLE_DEBUG_INFO = NO;
				SDKROOT = iphoneos;
				SWIFT_OPTIMIZATION_LEVEL = "-Owholemodule";
				VALIDATE_PRODUCT = YES;
			};
			name = Release;
		};
		994CFED41EA5B066000CA956 /* Debug */ = {
			isa = XCBuildConfiguration;
			buildSettings = {
				ASSETCATALOG_COMPILER_APPICON_NAME = AppIcon;
				INFOPLIST_FILE = gesturizers/Info.plist;
				LD_RUNPATH_SEARCH_PATHS = "$(inherited) @executable_path/Frameworks";
				PRODUCT_BUNDLE_IDENTIFIER = io.unicornmobile.gesturizers;
				PRODUCT_NAME = "$(TARGET_NAME)";
				SWIFT_VERSION = 3.0;
			};
			name = Debug;
		};
		994CFED51EA5B066000CA956 /* Release */ = {
			isa = XCBuildConfiguration;
			buildSettings = {
				ASSETCATALOG_COMPILER_APPICON_NAME = AppIcon;
				INFOPLIST_FILE = gesturizers/Info.plist;
				LD_RUNPATH_SEARCH_PATHS = "$(inherited) @executable_path/Frameworks";
				PRODUCT_BUNDLE_IDENTIFIER = io.unicornmobile.gesturizers;
				PRODUCT_NAME = "$(TARGET_NAME)";
				SWIFT_VERSION = 3.0;
			};
			name = Release;
		};
/* End XCBuildConfiguration section */

/* Begin XCConfigurationList section */
		994CFEBC1EA5B066000CA956 /* Build configuration list for PBXProject "gesturizers" */ = {
			isa = XCConfigurationList;
			buildConfigurations = (
				994CFED11EA5B066000CA956 /* Debug */,
				994CFED21EA5B066000CA956 /* Release */,
			);
			defaultConfigurationIsVisible = 0;
			defaultConfigurationName = Release;
		};
		994CFED31EA5B066000CA956 /* Build configuration list for PBXNativeTarget "gesturizers" */ = {
			isa = XCConfigurationList;
			buildConfigurations = (
				994CFED41EA5B066000CA956 /* Debug */,
				994CFED51EA5B066000CA956 /* Release */,
			);
			defaultConfigurationIsVisible = 0;
		};
/* End XCConfigurationList section */
	};
	rootObject = 994CFEB91EA5B066000CA956 /* Project object */;
}
